
Microsoft Visual Studio Solution File, Format Version 12.00
# Visual Studio Version 17
VisualStudioVersion = 17.4.33205.214
MinimumVisualStudioVersion = 10.0.40219.1
Project("{FAE04EC0-301F-11D3-BF4B-00C04F79EFBC}") = "Projekt", "Projekt\Projekt.csproj", "{B0AAA079-7C7F-4EC0-8F9A-C983A139CA83}"
EndProject
Global
	GlobalSection(SolutionConfigurationPlatforms) = preSolution
		Debug|Any CPU = Debug|Any CPU
		Release|Any CPU = Release|Any CPU
	EndGlobalSection
	GlobalSection(ProjectConfigurationPlatforms) = postSolution
		{B0AAA079-7C7F-4EC0-8F9A-C983A139CA83}.Debug|Any CPU.ActiveCfg = Debug|Any CPU
		{B0AAA079-7C7F-4EC0-8F9A-C983A139CA83}.Debug|Any CPU.Build.0 = Debug|Any CPU
		{B0AAA079-7C7F-4EC0-8F9A-C983A139CA83}.Release|Any CPU.ActiveCfg = Release|Any CPU
		{B0AAA079-7C7F-4EC0-8F9A-C983A139CA83}.Release|Any CPU.Build.0 = Release|Any CPU
	EndGlobalSection
	GlobalSection(SolutionProperties) = preSolution
		HideSolutionNode = FALSE
	EndGlobalSection
	GlobalSection(ExtensibilityGlobals) = postSolution
		SolutionGuid = {77098BA5-A136-4E52-8032-2D94897571C9}
	EndGlobalSection
EndGlobal
